
Microsoft Visual Studio Solution File, Format Version 12.00
# Visual Studio Version 16
VisualStudioVersion = 16.0.31410.357
MinimumVisualStudioVersion = 10.0.40219.1
Project("{FAE04EC0-301F-11D3-BF4B-00C04F79EFBC}") = "ClassMetotDemo", "ClassMetotDemo\ClassMetotDemo.csproj", "{816174B9-9285-4F8E-B746-A79D428FD7AD}"
EndProject
Global
	GlobalSection(SolutionConfigurationPlatforms) = preSolution
		Debug|Any CPU = Debug|Any CPU
		Release|Any CPU = Release|Any CPU
	EndGlobalSection
	GlobalSection(ProjectConfigurationPlatforms) = postSolution
		{816174B9-9285-4F8E-B746-A79D428FD7AD}.Debug|Any CPU.ActiveCfg = Debug|Any CPU
		{816174B9-9285-4F8E-B746-A79D428FD7AD}.Debug|Any CPU.Build.0 = Debug|Any CPU
		{816174B9-9285-4F8E-B746-A79D428FD7AD}.Release|Any CPU.ActiveCfg = Release|Any CPU
		{816174B9-9285-4F8E-B746-A79D428FD7AD}.Release|Any CPU.Build.0 = Release|Any CPU
	EndGlobalSection
	GlobalSection(SolutionProperties) = preSolution
		HideSolutionNode = FALSE
	EndGlobalSection
	GlobalSection(ExtensibilityGlobals) = postSolution
		SolutionGuid = {E354A01E-D46C-48F4-8D09-54E86B06B51D}
	EndGlobalSection
EndGlobal
